
Microsoft Visual Studio Solution File, Format Version 12.00
# Visual Studio Version 17
VisualStudioVersion = 17.5.33530.505
MinimumVisualStudioVersion = 10.0.40219.1
Project("{FAE04EC0-301F-11D3-BF4B-00C04F79EFBC}") = "Uri001", "Uri001\Uri001.csproj", "{D6FAD2B0-2A2E-4F0A-B1CF-8A10B1730E55}"
EndProject
Global
	GlobalSection(SolutionConfigurationPlatforms) = preSolution
		Debug|Any CPU = Debug|Any CPU
		Release|Any CPU = Release|Any CPU
	EndGlobalSection
	GlobalSection(ProjectConfigurationPlatforms) = postSolution
		{D6FAD2B0-2A2E-4F0A-B1CF-8A10B1730E55}.Debug|Any CPU.ActiveCfg = Debug|Any CPU
		{D6FAD2B0-2A2E-4F0A-B1CF-8A10B1730E55}.Debug|Any CPU.Build.0 = Debug|Any CPU
		{D6FAD2B0-2A2E-4F0A-B1CF-8A10B1730E55}.Release|Any CPU.ActiveCfg = Release|Any CPU
		{D6FAD2B0-2A2E-4F0A-B1CF-8A10B1730E55}.Release|Any CPU.Build.0 = Release|Any CPU
	EndGlobalSection
	GlobalSection(SolutionProperties) = preSolution
		HideSolutionNode = FALSE
	EndGlobalSection
	GlobalSection(ExtensibilityGlobals) = postSolution
		SolutionGuid = {D502863B-0760-4C4F-81C6-781A42FD3026}
	EndGlobalSection
EndGlobal
